
Microsoft Visual Studio Solution File, Format Version 12.00
# Visual Studio 15
VisualStudioVersion = 15.0.27428.2043
MinimumVisualStudioVersion = 10.0.40219.1
Project("{FAE04EC0-301F-11D3-BF4B-00C04F79EFBC}") = "waControleFinanceiro", "waControleFinanceiro\waControleFinanceiro.csproj", "{C9189704-7A25-4998-9E50-91EBB0762E59}"
EndProject
Global
	GlobalSection(SolutionConfigurationPlatforms) = preSolution
		Debug|Any CPU = Debug|Any CPU
		Release|Any CPU = Release|Any CPU
	EndGlobalSection
	GlobalSection(ProjectConfigurationPlatforms) = postSolution
		{C9189704-7A25-4998-9E50-91EBB0762E59}.Debug|Any CPU.ActiveCfg = Debug|Any CPU
		{C9189704-7A25-4998-9E50-91EBB0762E59}.Debug|Any CPU.Build.0 = Debug|Any CPU
		{C9189704-7A25-4998-9E50-91EBB0762E59}.Release|Any CPU.ActiveCfg = Release|Any CPU
		{C9189704-7A25-4998-9E50-91EBB0762E59}.Release|Any CPU.Build.0 = Release|Any CPU
	EndGlobalSection
	GlobalSection(SolutionProperties) = preSolution
		HideSolutionNode = FALSE
	EndGlobalSection
	GlobalSection(ExtensibilityGlobals) = postSolution
		SolutionGuid = {7C98F4CE-D80F-47B3-A4D1-7BB6FC67B7FD}
	EndGlobalSection
EndGlobal
